
Microsoft Visual Studio Solution File, Format Version 12.00
# Visual Studio 15
VisualStudioVersion = 15.0.27004.2006
MinimumVisualStudioVersion = 10.0.40219.1
Project("{9A19103F-16F7-4668-BE54-9A1E7A4F7556}") = "AuctionBidder.SignalR", "AuctionBidder.SignalR\AuctionBidder.SignalR.csproj", "{52694201-B5C1-472C-94F6-7AC2E6EE92DE}"
EndProject
Project("{FAE04EC0-301F-11D3-BF4B-00C04F79EFBC}") = "AuctionBidder.Models", "AuctionBidder.Models\AuctionBidder.Models.csproj", "{A3D4CD75-90A0-4000-BEB0-72DC0FCA0E45}"
EndProject
Global
	GlobalSection(SolutionConfigurationPlatforms) = preSolution
		Debug|Any CPU = Debug|Any CPU
		Release|Any CPU = Release|Any CPU
	EndGlobalSection
	GlobalSection(ProjectConfigurationPlatforms) = postSolution
		{52694201-B5C1-472C-94F6-7AC2E6EE92DE}.Debug|Any CPU.ActiveCfg = Debug|Any CPU
		{52694201-B5C1-472C-94F6-7AC2E6EE92DE}.Debug|Any CPU.Build.0 = Debug|Any CPU
		{52694201-B5C1-472C-94F6-7AC2E6EE92DE}.Release|Any CPU.ActiveCfg = Release|Any CPU
		{52694201-B5C1-472C-94F6-7AC2E6EE92DE}.Release|Any CPU.Build.0 = Release|Any CPU
		{A3D4CD75-90A0-4000-BEB0-72DC0FCA0E45}.Debug|Any CPU.ActiveCfg = Debug|Any CPU
		{A3D4CD75-90A0-4000-BEB0-72DC0FCA0E45}.Debug|Any CPU.Build.0 = Debug|Any CPU
		{A3D4CD75-90A0-4000-BEB0-72DC0FCA0E45}.Release|Any CPU.ActiveCfg = Release|Any CPU
		{A3D4CD75-90A0-4000-BEB0-72DC0FCA0E45}.Release|Any CPU.Build.0 = Release|Any CPU
	EndGlobalSection
	GlobalSection(SolutionProperties) = preSolution
		HideSolutionNode = FALSE
	EndGlobalSection
	GlobalSection(ExtensibilityGlobals) = postSolution
		SolutionGuid = {62889596-19D6-477F-A0BD-F0166661CA2C}
	EndGlobalSection
EndGlobal
